
Microsoft Visual Studio Solution File, Format Version 12.00
# Visual Studio Version 17
VisualStudioVersion = 17.5.33502.453
MinimumVisualStudioVersion = 10.0.40219.1
Project("{FAE04EC0-301F-11D3-BF4B-00C04F79EFBC}") = "GerenciadorCondominios.BLL", "GerenciadorCondominios.BLL\GerenciadorCondominios.BLL.csproj", "{CF4D542E-6084-4333-9F61-C52DB34B1252}"
EndProject
Project("{FAE04EC0-301F-11D3-BF4B-00C04F79EFBC}") = "GerenciadorCondominios.UI", "GerenciadorCondominios.UI\GerenciadorCondominios.UI.csproj", "{3AA4692A-4791-46F2-87A0-70B35E631E47}"
EndProject
Project("{FAE04EC0-301F-11D3-BF4B-00C04F79EFBC}") = "GerenciadorCondominios.DAL", "GerenciadorCondominios.DAL\GerenciadorCondominios.DAL.csproj", "{6808B901-C915-43ED-8002-13D5F56CB310}"
EndProject
Global
	GlobalSection(SolutionConfigurationPlatforms) = preSolution
		Debug|Any CPU = Debug|Any CPU
		Release|Any CPU = Release|Any CPU
	EndGlobalSection
	GlobalSection(ProjectConfigurationPlatforms) = postSolution
		{CF4D542E-6084-4333-9F61-C52DB34B1252}.Debug|Any CPU.ActiveCfg = Debug|Any CPU
		{CF4D542E-6084-4333-9F61-C52DB34B1252}.Debug|Any CPU.Build.0 = Debug|Any CPU
		{CF4D542E-6084-4333-9F61-C52DB34B1252}.Release|Any CPU.ActiveCfg = Release|Any CPU
		{CF4D542E-6084-4333-9F61-C52DB34B1252}.Release|Any CPU.Build.0 = Release|Any CPU
		{3AA4692A-4791-46F2-87A0-70B35E631E47}.Debug|Any CPU.ActiveCfg = Debug|Any CPU
		{3AA4692A-4791-46F2-87A0-70B35E631E47}.Debug|Any CPU.Build.0 = Debug|Any CPU
		{3AA4692A-4791-46F2-87A0-70B35E631E47}.Release|Any CPU.ActiveCfg = Release|Any CPU
		{3AA4692A-4791-46F2-87A0-70B35E631E47}.Release|Any CPU.Build.0 = Release|Any CPU
		{6808B901-C915-43ED-8002-13D5F56CB310}.Debug|Any CPU.ActiveCfg = Debug|Any CPU
		{6808B901-C915-43ED-8002-13D5F56CB310}.Debug|Any CPU.Build.0 = Debug|Any CPU
		{6808B901-C915-43ED-8002-13D5F56CB310}.Release|Any CPU.ActiveCfg = Release|Any CPU
		{6808B901-C915-43ED-8002-13D5F56CB310}.Release|Any CPU.Build.0 = Release|Any CPU
	EndGlobalSection
	GlobalSection(SolutionProperties) = preSolution
		HideSolutionNode = FALSE
	EndGlobalSection
	GlobalSection(ExtensibilityGlobals) = postSolution
		SolutionGuid = {EC2D58F6-15D2-4261-AFFF-DC5E07E11289}
	EndGlobalSection
EndGlobal
